PODS:
  - Cam (1.0.0):
    - Designer
    - Extended
  - Designer (0.1.0)
  - Extended (1.0.1)

DEPENDENCIES:
  - Cam (from `../`)

SPEC REPOS:
  https://github.com/cocoapods/specs.git:
    - Designer
    - Extended

EXTERNAL SOURCES:
  Cam:
    :path: "../"

SPEC CHECKSUMS:
  Cam: ba072228c4847fab377d42e4ec64c946712fb5c8
  Designer: 898fa6ef36d9bfabc117234cdabefd51dd8110f1
  Extended: 6333baca31ee8097bec89347e3c576347c77534c

PODFILE CHECKSUM: 6382f9b86a6ebfb8ed73bd8005ac7c85eff960a2

COCOAPODS: 1.6.0.beta.1
